
Microsoft Visual Studio Solution File, Format Version 12.00
# Visual Studio Version 16
VisualStudioVersion = 16.0.33027.164
MinimumVisualStudioVersion = 10.0.40219.1
Project("{FAE04EC0-301F-11D3-BF4B-00C04F79EFBC}") = "laboratorul4", "laboratorul4\laboratorul4.csproj", "{6B72AF4B-6C51-4534-891B-4D4E5E6BE23B}"
EndProject
Global
	GlobalSection(SolutionConfigurationPlatforms) = preSolution
		Debug|Any CPU = Debug|Any CPU
		Release|Any CPU = Release|Any CPU
	EndGlobalSection
	GlobalSection(ProjectConfigurationPlatforms) = postSolution
		{6B72AF4B-6C51-4534-891B-4D4E5E6BE23B}.Debug|Any CPU.ActiveCfg = Debug|Any CPU
		{6B72AF4B-6C51-4534-891B-4D4E5E6BE23B}.Debug|Any CPU.Build.0 = Debug|Any CPU
		{6B72AF4B-6C51-4534-891B-4D4E5E6BE23B}.Release|Any CPU.ActiveCfg = Release|Any CPU
		{6B72AF4B-6C51-4534-891B-4D4E5E6BE23B}.Release|Any CPU.Build.0 = Release|Any CPU
	EndGlobalSection
	GlobalSection(SolutionProperties) = preSolution
		HideSolutionNode = FALSE
	EndGlobalSection
	GlobalSection(ExtensibilityGlobals) = postSolution
		SolutionGuid = {EE2E67E7-074E-4F4A-A733-6AAB078ABC2C}
	EndGlobalSection
EndGlobal
